
Microsoft Visual Studio Solution File, Format Version 12.00
# Visual Studio Version 16
VisualStudioVersion = 16.0.31402.337
MinimumVisualStudioVersion = 10.0.40219.1
Project("{FAE04EC0-301F-11D3-BF4B-00C04F79EFBC}") = "ConsoleApp1", "ConsoleApp1.csproj", "{A9840FA8-633F-4358-9C86-6E839DBC2D19}"
EndProject
Project("{FAE04EC0-301F-11D3-BF4B-00C04F79EFBC}") = "ConsoleApp1Tests", "..\ConsoleApp1Tests\ConsoleApp1Tests.csproj", "{230CDCF8-2256-4B15-929B-0F8CAC3FA76F}"
EndProject
Global
	GlobalSection(SolutionConfigurationPlatforms) = preSolution
		Debug|Any CPU = Debug|Any CPU
		Release|Any CPU = Release|Any CPU
	EndGlobalSection
	GlobalSection(ProjectConfigurationPlatforms) = postSolution
		{A9840FA8-633F-4358-9C86-6E839DBC2D19}.Debug|Any CPU.ActiveCfg = Debug|Any CPU
		{A9840FA8-633F-4358-9C86-6E839DBC2D19}.Debug|Any CPU.Build.0 = Debug|Any CPU
		{A9840FA8-633F-4358-9C86-6E839DBC2D19}.Release|Any CPU.ActiveCfg = Release|Any CPU
		{A9840FA8-633F-4358-9C86-6E839DBC2D19}.Release|Any CPU.Build.0 = Release|Any CPU
		{230CDCF8-2256-4B15-929B-0F8CAC3FA76F}.Debug|Any CPU.ActiveCfg = Debug|Any CPU
		{230CDCF8-2256-4B15-929B-0F8CAC3FA76F}.Debug|Any CPU.Build.0 = Debug|Any CPU
		{230CDCF8-2256-4B15-929B-0F8CAC3FA76F}.Release|Any CPU.ActiveCfg = Release|Any CPU
		{230CDCF8-2256-4B15-929B-0F8CAC3FA76F}.Release|Any CPU.Build.0 = Release|Any CPU
	EndGlobalSection
	GlobalSection(SolutionProperties) = preSolution
		HideSolutionNode = FALSE
	EndGlobalSection
	GlobalSection(ExtensibilityGlobals) = postSolution
		SolutionGuid = {41338AA9-295F-441B-852B-0B7B45CC7A09}
	EndGlobalSection
EndGlobal
